// !$*UTF8*$!
{
	archiveVersion = 1;
	classes = {
	};
	objectVersion = 56;
	objects = {

/* Begin PBXBuildFile section */
		751DD4682BD6F5CA0061CD07 /* LocationSearchTable.swift in Sources */ = {isa = PBXBuildFile; fileRef = 751DD4672BD6F5CA0061CD07 /* LocationSearchTable.swift */; };
		752DBDBF2BCF319900440752 /* AppDelegate.swift in Sources */ = {isa = PBXBuildFile; fileRef = 752DBDBE2BCF319900440752 /* AppDelegate.swift */; };
		752DBDC12BCF319900440752 /* SceneDelegate.swift in Sources */ = {isa = PBXBuildFile; fileRef = 752DBDC02BCF319900440752 /* SceneDelegate.swift */; };
		752DBDC32BCF319900440752 /* ViewController.swift in Sources */ = {isa = PBXBuildFile; fileRef = 752DBDC22BCF319900440752 /* ViewController.swift */; };
		752DBDC62BCF319900440752 /* Base in Resources */ = {isa = PBXBuildFile; fileRef = 752DBDC52BCF319900440752 /* Base */; };
		752DBDC82BCF319900440752 /* Assets.xcassets in Resources */ = {isa = PBXBuildFile; fileRef = 752DBDC72BCF319900440752 /* Assets.xcassets */; };
		752DBDCB2BCF319900440752 /* Base in Resources */ = {isa = PBXBuildFile; fileRef = 752DBDCA2BCF319900440752 /* Base */; };
		75420B1F2BCF38C0000F82C6 /* Ollie.swift in Sources */ = {isa = PBXBuildFile; fileRef = 75420B1E2BCF38C0000F82C6 /* Ollie.swift */; };
		7571AC1E2BD0633600ECE768 /* PinInfoViewController.swift in Sources */ = {isa = PBXBuildFile; fileRef = 7571AC1D2BD0633600ECE768 /* PinInfoViewController.swift */; };
		7575CDE62BD2E09E00D22F15 /* PinAddViewController.swift in Sources */ = {isa = PBXBuildFile; fileRef = 7575CDE52BD2E09E00D22F15 /* PinAddViewController.swift */; };
		758F1E0E2BD4529F0078E3EE /* NotesViewController.swift in Sources */ = {isa = PBXBuildFile; fileRef = 758F1E0D2BD4529F0078E3EE /* NotesViewController.swift */; };
		75C98A292BD842CD007AE013 /* MapPins.xcdatamodeld in Sources */ = {isa = PBXBuildFile; fileRef = 75C98A272BD842CD007AE013 /* MapPins.xcdatamodeld */; };
		75E336B62BD83730000692C7 /* PinTableViewController.swift in Sources */ = {isa = PBXBuildFile; fileRef = 75E336B52BD83730000692C7 /* PinTableViewController.swift */; };
/* End PBXBuildFile section */

/* Begin PBXFileReference section */
		750396882BCF6128006271ED /* Errands.xctestplan */ = {isa = PBXFileReference; lastKnownFileType = text; path = Errands.xctestplan; sourceTree = "<group>"; };
		751DD4672BD6F5CA0061CD07 /* LocationSearchTable.swift */ = {isa = PBXFileReference; lastKnownFileType = sourcecode.swift; path = LocationSearchTable.swift; sourceTree = "<group>"; };
		752DBDBB2BCF319800440752 /* Errands.app */ = {isa = PBXFileReference; explicitFileType = wrapper.application; includeInIndex = 0; path = Errands.app; sourceTree = BUILT_PRODUCTS_DIR; };
		752DBDBE2BCF319900440752 /* AppDelegate.swift */ = {isa = PBXFileReference; lastKnownFileType = sourcecode.swift; path = AppDelegate.swift; sourceTree = "<group>"; };
		752DBDC02BCF319900440752 /* SceneDelegate.swift */ = {isa = PBXFileReference; lastKnownFileType = sourcecode.swift; path = SceneDelegate.swift; sourceTree = "<group>"; };
		752DBDC22BCF319900440752 /* ViewController.swift */ = {isa = PBXFileReference; lastKnownFileType = sourcecode.swift; path = ViewController.swift; sourceTree = "<group>"; };
		752DBDC52BCF319900440752 /* Base */ = {isa = PBXFileReference; lastKnownFileType = file.storyboard; name = Base; path = Base.lproj/Main.storyboard; sourceTree = "<group>"; };
		752DBDC72BCF319900440752 /* Assets.xcassets */ = {isa = PBXFileReference; lastKnownFileType = folder.assetcatalog; path = Assets.xcassets; sourceTree = "<group>"; };
		752DBDCA2BCF319900440752 /* Base */ = {isa = PBXFileReference; lastKnownFileType = file.storyboard; name = Base; path = Base.lproj/LaunchScreen.storyboard; sourceTree = "<group>"; };
		752DBDCC2BCF319900440752 /* Info.plist */ = {isa = PBXFileReference; lastKnownFileType = text.plist.xml; path = Info.plist; sourceTree = "<group>"; };
		753ADC522BD99B6F00E4FF79 /* MapPin+CoreDataClass.swift */ = {isa = PBXFileReference; lastKnownFileType = sourcecode.swift; name = "MapPin+CoreDataClass.swift"; path = "Errands/MapPin+CoreDataClass.swift"; sourceTree = "<group>"; };
		753ADC532BD99B6F00E4FF79 /* MapPin+CoreDataProperties.swift */ = {isa = PBXFileReference; lastKnownFileType = sourcecode.swift; name = "MapPin+CoreDataProperties.swift"; path = "Errands/MapPin+CoreDataProperties.swift"; sourceTree = "<group>"; };
		75420B1E2BCF38C0000F82C6 /* Ollie.swift */ = {isa = PBXFileReference; lastKnownFileType = sourcecode.swift; path = Ollie.swift; sourceTree = "<group>"; };
		7571AC1D2BD0633600ECE768 /* PinInfoViewController.swift */ = {isa = PBXFileReference; lastKnownFileType = sourcecode.swift; path = PinInfoViewController.swift; sourceTree = "<group>"; };
		7575CDE52BD2E09E00D22F15 /* PinAddViewController.swift */ = {isa = PBXFileReference; lastKnownFileType = sourcecode.swift; path = PinAddViewController.swift; sourceTree = "<group>"; };
		758F1E0D2BD4529F0078E3EE /* NotesViewController.swift */ = {isa = PBXFileReference; lastKnownFileType = sourcecode.swift; path = NotesViewController.swift; sourceTree = "<group>"; };
		75C98A282BD842CD007AE013 /* MapPins.xcdatamodel */ = {isa = PBXFileReference; lastKnownFileType = wrapper.xcdatamodel; path = MapPins.xcdatamodel; sourceTree = "<group>"; };
		75E336B52BD83730000692C7 /* PinTableViewController.swift */ = {isa = PBXFileReference; lastKnownFileType = sourcecode.swift; path = PinTableViewController.swift; sourceTree = "<group>"; };
/* End PBXFileReference section */

/* Begin PBXFrameworksBuildPhase section */
		752DBDB82BCF319800440752 /* Frameworks */ = {
			isa = PBXFrameworksBuildPhase;
			buildActionMask = 2147483647;
			files = (
			);
			runOnlyForDeploymentPostprocessing = 0;
		};
/* End PBXFrameworksBuildPhase section */

/* Begin PBXGroup section */
		752DBDB22BCF319800440752 = {
			isa = PBXGroup;
			children = (
				753ADC522BD99B6F00E4FF79 /* MapPin+CoreDataClass.swift */,
				753ADC532BD99B6F00E4FF79 /* MapPin+CoreDataProperties.swift */,
				750396882BCF6128006271ED /* Errands.xctestplan */,
				752DBDBD2BCF319800440752 /* Errands */,
				752DBDBC2BCF319800440752 /* Products */,
			);
			sourceTree = "<group>";
		};
		752DBDBC2BCF319800440752 /* Products */ = {
			isa = PBXGroup;
			children = (
				752DBDBB2BCF319800440752 /* Errands.app */,
			);
			name = Products;
			sourceTree = "<group>";
		};
		752DBDBD2BCF319800440752 /* Errands */ = {
			isa = PBXGroup;
			children = (
				752DBDBE2BCF319900440752 /* AppDelegate.swift */,
				752DBDC02BCF319900440752 /* SceneDelegate.swift */,
				752DBDC22BCF319900440752 /* ViewController.swift */,
				7571AC1D2BD0633600ECE768 /* PinInfoViewController.swift */,
				75C98A272BD842CD007AE013 /* MapPins.xcdatamodeld */,
				75420B1E2BCF38C0000F82C6 /* Ollie.swift */,
				752DBDC42BCF319900440752 /* Main.storyboard */,
				75E336B52BD83730000692C7 /* PinTableViewController.swift */,
				751DD4672BD6F5CA0061CD07 /* LocationSearchTable.swift */,
				758F1E0D2BD4529F0078E3EE /* NotesViewController.swift */,
				7575CDE52BD2E09E00D22F15 /* PinAddViewController.swift */,
				752DBDC72BCF319900440752 /* Assets.xcassets */,
				752DBDC92BCF319900440752 /* LaunchScreen.storyboard */,
				752DBDCC2BCF319900440752 /* Info.plist */,
			);
			path = Errands;
			sourceTree = "<group>";
		};
/* End PBXGroup section */

/* Begin PBXNativeTarget section */
		752DBDBA2BCF319800440752 /* Errands */ = {
			isa = PBXNativeTarget;
			buildConfigurationList = 752DBDCF2BCF319900440752 /* Build configuration list for PBXNativeTarget "Errands" */;
			buildPhases = (
				752DBDB72BCF319800440752 /* Sources */,
				752DBDB82BCF319800440752 /* Frameworks */,
				752DBDB92BCF319800440752 /* Resources */,
			);
			buildRules = (
			);
			dependencies = (
			);
			name = Errands;
			productName = Errands;
			productReference = 752DBDBB2BCF319800440752 /* Errands.app */;
			productType = "com.apple.product-type.application";
		};
/* End PBXNativeTarget section */

/* Begin PBXProject section */
		752DBDB32BCF319800440752 /* Project object */ = {
			isa = PBXProject;
			attributes = {
				BuildIndependentTargetsInParallel = 1;
				LastSwiftUpdateCheck = 1530;
				LastUpgradeCheck = 1530;
				TargetAttributes = {
					752DBDBA2BCF319800440752 = {
						CreatedOnToolsVersion = 15.3;
					};
				};
			};
			buildConfigurationList = 752DBDB62BCF319800440752 /* Build configuration list for PBXProject "Errands" */;
			compatibilityVersion = "Xcode 14.0";
			developmentRegion = en;
			hasScannedForEncodings = 0;
			knownRegions = (
				en,
				Base,
			);
			mainGroup = 752DBDB22BCF319800440752;
			productRefGroup = 752DBDBC2BCF319800440752 /* Products */;
			projectDirPath = "";
			projectRoot = "";
			targets = (
				752DBDBA2BCF319800440752 /* Errands */,
			);
		};
/* End PBXProject section */

/* Begin PBXResourcesBuildPhase section */
		752DBDB92BCF319800440752 /* Resources */ = {
			isa = PBXResourcesBuildPhase;
			buildActionMask = 2147483647;
			files = (
				752DBDC82BCF319900440752 /* Assets.xcassets in Resources */,
				752DBDCB2BCF319900440752 /* Base in Resources */,
				752DBDC62BCF319900440752 /* Base in Resources */,
			);
			runOnlyForDeploymentPostprocessing = 0;
		};
/* End PBXResourcesBuildPhase section */

/* Begin PBXSourcesBuildPhase section */
		752DBDB72BCF319800440752 /* Sources */ = {
			isa = PBXSourcesBuildPhase;
			buildActionMask = 2147483647;
			files = (
				752DBDC32BCF319900440752 /* ViewController.swift in Sources */,
				752DBDBF2BCF319900440752 /* AppDelegate.swift in Sources */,
				752DBDC12BCF319900440752 /* SceneDelegate.swift in Sources */,
				751DD4682BD6F5CA0061CD07 /* LocationSearchTable.swift in Sources */,
				75E336B62BD83730000692C7 /* PinTableViewController.swift in Sources */,
				758F1E0E2BD4529F0078E3EE /* NotesViewController.swift in Sources */,
				75420B1F2BCF38C0000F82C6 /* Ollie.swift in Sources */,
				7575CDE62BD2E09E00D22F15 /* PinAddViewController.swift in Sources */,
				75C98A292BD842CD007AE013 /* MapPins.xcdatamodeld in Sources */,
				7571AC1E2BD0633600ECE768 /* PinInfoViewController.swift in Sources */,
			);
			runOnlyForDeploymentPostprocessing = 0;
		};
/* End PBXSourcesBuildPhase section */

/* Begin PBXVariantGroup section */
		752DBDC42BCF319900440752 /* Main.storyboard */ = {
			isa = PBXVariantGroup;
			children = (
				752DBDC52BCF319900440752 /* Base */,
			);
			name = Main.storyboard;
			sourceTree = "<group>";
		};
		752DBDC92BCF319900440752 /* LaunchScreen.storyboard */ = {
			isa = PBXVariantGroup;
			children = (
				752DBDCA2BCF319900440752 /* Base */,
			);
			name = LaunchScreen.storyboard;
			sourceTree = "<group>";
		};
/* End PBXVariantGroup section */

/* Begin XCBuildConfiguration section */
		752DBDCD2BCF319900440752 /* Debug */ = {
			isa = XCBuildConfiguration;
			buildSettings = {
				ALWAYS_SEARCH_USER_PATHS = NO;
				ASSETCATALOG_COMPILER_GENERATE_SWIFT_ASSET_SYMBOL_EXTENSIONS = YES;
				CLANG_ANALYZER_NONNULL = YES;
				CLANG_ANALYZER_NUMBER_OBJECT_CONVERSION = YES_AGGRESSIVE;
				CLANG_CXX_LANGUAGE_STANDARD = "gnu++20";
				CLANG_ENABLE_MODULES = YES;
				CLANG_ENABLE_OBJC_ARC = YES;
				CLANG_ENABLE_OBJC_WEAK = YES;
				CLANG_WARN_BLOCK_CAPTURE_AUTORELEASING = YES;
				CLANG_WARN_BOOL_CONVERSION = YES;
				CLANG_WARN_COMMA = YES;
				CLANG_WARN_CONSTANT_CONVERSION = YES;
				CLANG_WARN_DEPRECATED_OBJC_IMPLEMENTATIONS = YES;
				CLANG_WARN_DIRECT_OBJC_ISA_USAGE = YES_ERROR;
				CLANG_WARN_DOCUMENTATION_COMMENTS = YES;
				CLANG_WARN_EMPTY_BODY = YES;
				CLANG_WARN_ENUM_CONVERSION = YES;
				CLANG_WARN_INFINITE_RECURSION = YES;
				CLANG_WARN_INT_CONVERSION = YES;
				CLANG_WARN_NON_LITERAL_NULL_CONVERSION = YES;
				CLANG_WARN_OBJC_IMPLICIT_RETAIN_SELF = YES;
				CLANG_WARN_OBJC_LITERAL_CONVERSION = YES;
				CLANG_WARN_OBJC_ROOT_CLASS = YES_ERROR;
				CLANG_WARN_QUOTED_INCLUDE_IN_FRAMEWORK_HEADER = YES;
				CLANG_WARN_RANGE_LOOP_ANALYSIS = YES;
				CLANG_WARN_STRICT_PROTOTYPES = YES;
				CLANG_WARN_SUSPICIOUS_MOVE = YES;
				CLANG_WARN_UNGUARDED_AVAILABILITY = YES_AGGRESSIVE;
				CLANG_WARN_UNREACHABLE_CODE = YES;
				CLANG_WARN__DUPLICATE_METHOD_MATCH = YES;
				COPY_PHASE_STRIP = NO;
				DEBUG_INFORMATION_FORMAT = dwarf;
				ENABLE_STRICT_OBJC_MSGSEND = YES;
				ENABLE_TESTABILITY = YES;
				ENABLE_USER_SCRIPT_SANDBOXING = YES;
				GCC_C_LANGUAGE_STANDARD = gnu17;
				GCC_DYNAMIC_NO_PIC = NO;
				GCC_NO_COMMON_BLOCKS = YES;
				GCC_OPTIMIZATION_LEVEL = 0;
				GCC_PREPROCESSOR_DEFINITIONS = (
					"DEBUG=1",
					"$(inherited)",
				);
				GCC_WARN_64_TO_32_BIT_CONVERSION = YES;
				GCC_WARN_ABOUT_RETURN_TYPE = YES_ERROR;
				GCC_WARN_UNDECLARED_SELECTOR = YES;
				GCC_WARN_UNINITIALIZED_AUTOS = YES_AGGRESSIVE;
				GCC_WARN_UNUSED_FUNCTION = YES;
				GCC_WARN_UNUSED_VARIABLE = YES;
				IPHONEOS_DEPLOYMENT_TARGET = 17.4;
				LOCALIZATION_PREFERS_STRING_CATALOGS = YES;
				MTL_ENABLE_DEBUG_INFO = INCLUDE_SOURCE;
				MTL_FAST_MATH = YES;
				ONLY_ACTIVE_ARCH = YES;
				SDKROOT = iphoneos;
				SWIFT_ACTIVE_COMPILATION_CONDITIONS = "DEBUG $(inherited)";
				SWIFT_OPTIMIZATION_LEVEL = "-Onone";
			};
			name = Debug;
		};
		752DBDCE2BCF319900440752 /* Release */ = {
			isa = XCBuildConfiguration;
			buildSettings = {
				ALWAYS_SEARCH_USER_PATHS = NO;
				ASSETCATALOG_COMPILER_GENERATE_SWIFT_ASSET_SYMBOL_EXTENSIONS = YES;
				CLANG_ANALYZER_NONNULL = YES;
				CLANG_ANALYZER_NUMBER_OBJECT_CONVERSION = YES_AGGRESSIVE;
				CLANG_CXX_LANGUAGE_STANDARD = "gnu++20";
				CLANG_ENABLE_MODULES = YES;
				CLANG_ENABLE_OBJC_ARC = YES;
				CLANG_ENABLE_OBJC_WEAK = YES;
				CLANG_WARN_BLOCK_CAPTURE_AUTORELEASING = YES;
				CLANG_WARN_BOOL_CONVERSION = YES;
				CLANG_WARN_COMMA = YES;
				CLANG_WARN_CONSTANT_CONVERSION = YES;
				CLANG_WARN_DEPRECATED_OBJC_IMPLEMENTATIONS = YES;
				CLANG_WARN_DIRECT_OBJC_ISA_USAGE = YES_ERROR;
				CLANG_WARN_DOCUMENTATION_COMMENTS = YES;
				CLANG_WARN_EMPTY_BODY = YES;
				CLANG_WARN_ENUM_CONVERSION = YES;
				CLANG_WARN_INFINITE_RECURSION = YES;
				CLANG_WARN_INT_CONVERSION = YES;
				CLANG_WARN_NON_LITERAL_NULL_CONVERSION = YES;
				CLANG_WARN_OBJC_IMPLICIT_RETAIN_SELF = YES;
				CLANG_WARN_OBJC_LITERAL_CONVERSION = YES;
				CLANG_WARN_OBJC_ROOT_CLASS = YES_ERROR;
				CLANG_WARN_QUOTED_INCLUDE_IN_FRAMEWORK_HEADER = YES;
				CLANG_WARN_RANGE_LOOP_ANALYSIS = YES;
				CLANG_WARN_STRICT_PROTOTYPES = YES;
				CLANG_WARN_SUSPICIOUS_MOVE = YES;
				CLANG_WARN_UNGUARDED_AVAILABILITY = YES_AGGRESSIVE;
				CLANG_WARN_UNREACHABLE_CODE = YES;
				CLANG_WARN__DUPLICATE_METHOD_MATCH = YES;
				COPY_PHASE_STRIP = NO;
				DEBUG_INFORMATION_FORMAT = "dwarf-with-dsym";
				ENABLE_NS_ASSERTIONS = NO;
				ENABLE_STRICT_OBJC_MSGSEND = YES;
				ENABLE_USER_SCRIPT_SANDBOXING = YES;
				GCC_C_LANGUAGE_STANDARD = gnu17;
				GCC_NO_COMMON_BLOCKS = YES;
				GCC_WARN_64_TO_32_BIT_CONVERSION = YES;
				GCC_WARN_ABOUT_RETURN_TYPE = YES_ERROR;
				GCC_WARN_UNDECLARED_SELECTOR = YES;
				GCC_WARN_UNINITIALIZED_AUTOS = YES_AGGRESSIVE;
				GCC_WARN_UNUSED_FUNCTION = YES;
				GCC_WARN_UNUSED_VARIABLE = YES;
				IPHONEOS_DEPLOYMENT_TARGET = 17.4;
				LOCALIZATION_PREFERS_STRING_CATALOGS = YES;
				MTL_ENABLE_DEBUG_INFO = NO;
				MTL_FAST_MATH = YES;
				SDKROOT = iphoneos;
				SWIFT_COMPILATION_MODE = wholemodule;
				VALIDATE_PRODUCT = YES;
			};
			name = Release;
		};
		752DBDD02BCF319900440752 /* Debug */ = {
			isa = XCBuildConfiguration;
			buildSettings = {
				ASSETCATALOG_COMPILER_APPICON_NAME = AppIcon;
				ASSETCATALOG_COMPILER_GLOBAL_ACCENT_COLOR_NAME = AccentColor;
				CODE_SIGN_STYLE = Automatic;
				CURRENT_PROJECT_VERSION = 1;
				GENERATE_INFOPLIST_FILE = YES;
				INFOPLIST_FILE = Errands/Info.plist;
				INFOPLIST_KEY_NSLocationAlwaysUsageDescription = "Need your location for the pins to work";
				INFOPLIST_KEY_NSLocationWhenInUseUsageDescription = "I promise I won't follow you around :)";
				INFOPLIST_KEY_UIApplicationSupportsIndirectInputEvents = YES;
				INFOPLIST_KEY_UILaunchStoryboardName = LaunchScreen;
				INFOPLIST_KEY_UIMainStoryboardFile = Main;
				INFOPLIST_KEY_UISupportedInterfaceOrientations_iPad = "UIInterfaceOrientationPortrait UIInterfaceOrientationPortraitUpsideDown UIInterfaceOrientationLandscapeLeft UIInterfaceOrientationLandscapeRight";
				INFOPLIST_KEY_UISupportedInterfaceOrientations_iPhone = "UIInterfaceOrientationPortrait UIInterfaceOrientationLandscapeLeft UIInterfaceOrientationLandscapeRight";
				IPHONEOS_DEPLOYMENT_TARGET = 17.2;
				LD_RUNPATH_SEARCH_PATHS = (
					"$(inherited)",
					"@executable_path/Frameworks",
				);
				MARKETING_VERSION = 1.0;
				PRODUCT_BUNDLE_IDENTIFIER = HackingWAbhi.Errands;
				PRODUCT_NAME = "$(TARGET_NAME)";
				SWIFT_EMIT_LOC_STRINGS = YES;
				SWIFT_VERSION = 5.0;
				TARGETED_DEVICE_FAMILY = "1,2";
			};
			name = Debug;
		};
		752DBDD12BCF319900440752 /* Release */ = {
			isa = XCBuildConfiguration;
			buildSettings = {
				ASSETCATALOG_COMPILER_APPICON_NAME = AppIcon;
				ASSETCATALOG_COMPILER_GLOBAL_ACCENT_COLOR_NAME = AccentColor;
				CODE_SIGN_STYLE = Automatic;
				CURRENT_PROJECT_VERSION = 1;
				GENERATE_INFOPLIST_FILE = YES;
				INFOPLIST_FILE = Errands/Info.plist;
				INFOPLIST_KEY_NSLocationAlwaysUsageDescription = "Need your location for the pins to work";
				INFOPLIST_KEY_NSLocationWhenInUseUsageDescription = "I promise I won't follow you around :)";
				INFOPLIST_KEY_UIApplicationSupportsIndirectInputEvents = YES;
				INFOPLIST_KEY_UILaunchStoryboardName = LaunchScreen;
				INFOPLIST_KEY_UIMainStoryboardFile = Main;
				INFOPLIST_KEY_UISupportedInterfaceOrientations_iPad = "UIInterfaceOrientationPortrait UIInterfaceOrientationPortraitUpsideDown UIInterfaceOrientationLandscapeLeft UIInterfaceOrientationLandscapeRight";
				INFOPLIST_KEY_UISupportedInterfaceOrientations_iPhone = "UIInterfaceOrientationPortrait UIInterfaceOrientationLandscapeLeft UIInterfaceOrientationLandscapeRight";
				IPHONEOS_DEPLOYMENT_TARGET = 17.2;
				LD_RUNPATH_SEARCH_PATHS = (
					"$(inherited)",
					"@executable_path/Frameworks",
				);
				MARKETING_VERSION = 1.0;
				PRODUCT_BUNDLE_IDENTIFIER = HackingWAbhi.Errands;
				PRODUCT_NAME = "$(TARGET_NAME)";
				SWIFT_EMIT_LOC_STRINGS = YES;
				SWIFT_VERSION = 5.0;
				TARGETED_DEVICE_FAMILY = "1,2";
			};
			name = Release;
		};
/* End XCBuildConfiguration section */

/* Begin XCConfigurationList section */
		752DBDB62BCF319800440752 /* Build configuration list for PBXProject "Errands" */ = {
			isa = XCConfigurationList;
			buildConfigurations = (
				752DBDCD2BCF319900440752 /* Debug */,
				752DBDCE2BCF319900440752 /* Release */,
			);
			defaultConfigurationIsVisible = 0;
			defaultConfigurationName = Release;
		};
		752DBDCF2BCF319900440752 /* Build configuration list for PBXNativeTarget "Errands" */ = {
			isa = XCConfigurationList;
			buildConfigurations = (
				752DBDD02BCF319900440752 /* Debug */,
				752DBDD12BCF319900440752 /* Release */,
			);
			defaultConfigurationIsVisible = 0;
			defaultConfigurationName = Release;
		};
/* End XCConfigurationList section */

/* Begin XCVersionGroup section */
		75C98A272BD842CD007AE013 /* MapPins.xcdatamodeld */ = {
			isa = XCVersionGroup;
			children = (
				75C98A282BD842CD007AE013 /* MapPins.xcdatamodel */,
			);
			currentVersion = 75C98A282BD842CD007AE013 /* MapPins.xcdatamodel */;
			name = MapPins.xcdatamodeld;
			path = /Users/user256510/Desktop/Errands/Errands/MapPins.xcdatamodeld;
			sourceTree = "<group>";
			versionGroupType = wrapper.xcdatamodel;
		};
/* End XCVersionGroup section */
	};
	rootObject = 752DBDB32BCF319800440752 /* Project object */;
}
